
Microsoft Visual Studio Solution File, Format Version 12.00
# Visual Studio 2017
Project("{FAE04EC0-301F-11D3-BF4B-00C04F79EFBC}") = "flowerdew.Plugins", "flowerdew.Plugins.csproj", "{A1C8CCAA-AC93-C482-E6FC-CD1F869084E6}"
EndProject
Project("{FAE04EC0-301F-11D3-BF4B-00C04F79EFBC}") = "flowerdew", "flowerdew.csproj", "{71E1AFE3-03DD-F802-E765-079F219C4412}"
EndProject
Project("{FAE04EC0-301F-11D3-BF4B-00C04F79EFBC}") = "flowerdew.Editor.Plugins", "flowerdew.Editor.Plugins.csproj", "{D1B7DE22-BDA1-3C45-CDD0-2A0397D004D4}"
EndProject
Global
	GlobalSection(SolutionConfigurationPlatforms) = preSolution
		Debug|Any CPU = Debug|Any CPU
		Release|Any CPU = Release|Any CPU
	EndGlobalSection
	GlobalSection(ProjectConfigurationPlatforms) = postSolution
		{A1C8CCAA-AC93-C482-E6FC-CD1F869084E6}.Debug|Any CPU.ActiveCfg = Debug|Any CPU
		{A1C8CCAA-AC93-C482-E6FC-CD1F869084E6}.Debug|Any CPU.Build.0 = Debug|Any CPU
		{A1C8CCAA-AC93-C482-E6FC-CD1F869084E6}.Release|Any CPU.ActiveCfg = Release|Any CPU
		{A1C8CCAA-AC93-C482-E6FC-CD1F869084E6}.Release|Any CPU.Build.0 = Release|Any CPU
		{71E1AFE3-03DD-F802-E765-079F219C4412}.Debug|Any CPU.ActiveCfg = Debug|Any CPU
		{71E1AFE3-03DD-F802-E765-079F219C4412}.Debug|Any CPU.Build.0 = Debug|Any CPU
		{71E1AFE3-03DD-F802-E765-079F219C4412}.Release|Any CPU.ActiveCfg = Release|Any CPU
		{71E1AFE3-03DD-F802-E765-079F219C4412}.Release|Any CPU.Build.0 = Release|Any CPU
		{D1B7DE22-BDA1-3C45-CDD0-2A0397D004D4}.Debug|Any CPU.ActiveCfg = Debug|Any CPU
		{D1B7DE22-BDA1-3C45-CDD0-2A0397D004D4}.Debug|Any CPU.Build.0 = Debug|Any CPU
		{D1B7DE22-BDA1-3C45-CDD0-2A0397D004D4}.Release|Any CPU.ActiveCfg = Release|Any CPU
		{D1B7DE22-BDA1-3C45-CDD0-2A0397D004D4}.Release|Any CPU.Build.0 = Release|Any CPU
	EndGlobalSection
	GlobalSection(SolutionProperties) = preSolution
		HideSolutionNode = FALSE
	EndGlobalSection
EndGlobal
