
Microsoft Visual Studio Solution File, Format Version 12.00
# Visual Studio 15
Project("{FAE04EC0-301F-11D3-BF4B-00C04F79EFBC}") = "Assembly-CSharp-firstpass", "Assembly-CSharp-firstpass.csproj", "{4C4B7149-A5D9-BE61-6543-CDE562F9281E}"
EndProject
Project("{FAE04EC0-301F-11D3-BF4B-00C04F79EFBC}") = "Assembly-CSharp", "Assembly-CSharp.csproj", "{A414E0AE-9E1E-CA4A-3655-706A6BB6D43D}"
EndProject
Project("{FAE04EC0-301F-11D3-BF4B-00C04F79EFBC}") = "Assembly-CSharp-Editor-firstpass", "Assembly-CSharp-Editor-firstpass.csproj", "{D79CDCB8-D307-B590-E81F-0AB8D14CB675}"
EndProject
Global
	GlobalSection(SolutionConfigurationPlatforms) = preSolution
		Debug|Any CPU = Debug|Any CPU
		Release|Any CPU = Release|Any CPU
	EndGlobalSection
	GlobalSection(ProjectConfigurationPlatforms) = postSolution
		{4C4B7149-A5D9-BE61-6543-CDE562F9281E}.Debug|Any CPU.ActiveCfg = Debug|Any CPU
		{4C4B7149-A5D9-BE61-6543-CDE562F9281E}.Debug|Any CPU.Build.0 = Debug|Any CPU
		{4C4B7149-A5D9-BE61-6543-CDE562F9281E}.Release|Any CPU.ActiveCfg = Release|Any CPU
		{4C4B7149-A5D9-BE61-6543-CDE562F9281E}.Release|Any CPU.Build.0 = Release|Any CPU
		{A414E0AE-9E1E-CA4A-3655-706A6BB6D43D}.Debug|Any CPU.ActiveCfg = Debug|Any CPU
		{A414E0AE-9E1E-CA4A-3655-706A6BB6D43D}.Debug|Any CPU.Build.0 = Debug|Any CPU
		{A414E0AE-9E1E-CA4A-3655-706A6BB6D43D}.Release|Any CPU.ActiveCfg = Release|Any CPU
		{A414E0AE-9E1E-CA4A-3655-706A6BB6D43D}.Release|Any CPU.Build.0 = Release|Any CPU
		{D79CDCB8-D307-B590-E81F-0AB8D14CB675}.Debug|Any CPU.ActiveCfg = Debug|Any CPU
		{D79CDCB8-D307-B590-E81F-0AB8D14CB675}.Debug|Any CPU.Build.0 = Debug|Any CPU
		{D79CDCB8-D307-B590-E81F-0AB8D14CB675}.Release|Any CPU.ActiveCfg = Release|Any CPU
		{D79CDCB8-D307-B590-E81F-0AB8D14CB675}.Release|Any CPU.Build.0 = Release|Any CPU
	EndGlobalSection
	GlobalSection(SolutionProperties) = preSolution
		HideSolutionNode = FALSE
	EndGlobalSection
EndGlobal
